
Microsoft Visual Studio Solution File, Format Version 12.00
# Visual Studio Version 17
VisualStudioVersion = 17.0.32014.148
MinimumVisualStudioVersion = 10.0.40219.1
Project("{FAE04EC0-301F-11D3-BF4B-00C04F79EFBC}") = "AssignQRs", "AssignQRs.csproj", "{107C9357-68FE-4039-AF16-C65FAE04BAC6}"
EndProject
Global
	GlobalSection(SolutionConfigurationPlatforms) = preSolution
		Debug|Any CPU = Debug|Any CPU
		Release|Any CPU = Release|Any CPU
	EndGlobalSection
	GlobalSection(ProjectConfigurationPlatforms) = postSolution
		{107C9357-68FE-4039-AF16-C65FAE04BAC6}.Debug|Any CPU.ActiveCfg = Debug|Any CPU
		{107C9357-68FE-4039-AF16-C65FAE04BAC6}.Debug|Any CPU.Build.0 = Debug|Any CPU
		{107C9357-68FE-4039-AF16-C65FAE04BAC6}.Release|Any CPU.ActiveCfg = Release|Any CPU
		{107C9357-68FE-4039-AF16-C65FAE04BAC6}.Release|Any CPU.Build.0 = Release|Any CPU
	EndGlobalSection
	GlobalSection(SolutionProperties) = preSolution
		HideSolutionNode = FALSE
	EndGlobalSection
	GlobalSection(ExtensibilityGlobals) = postSolution
		SolutionGuid = {FFEA0FC4-1D05-4E82-8236-BF6BEDAFF13A}
	EndGlobalSection
EndGlobal
